
Microsoft Visual Studio Solution File, Format Version 12.00
# Visual Studio Version 17
VisualStudioVersion = 17.14.36221.1
MinimumVisualStudioVersion = 10.0.40219.1
Project("{FAE04EC0-301F-11D3-BF4B-00C04F79EFBC}") = "__AnvilTool", "AnvilTool\__AnvilTool.csproj", "{1D7BB831-80FD-49F4-ABD1-13B107D9F9B1}"
EndProject
Project("{FAE04EC0-301F-11D3-BF4B-00C04F79EFBC}") = "LIB_Library", "LIB_Library\LIB_Library.csproj", "{801B867B-AD2D-48F0-AB09-F292567878B4}"
EndProject
Project("{FAE04EC0-301F-11D3-BF4B-00C04F79EFBC}") = "AnvilTool", "ApplicationProject\AnvilTool.csproj", "{19CC989B-8998-4742-916A-99A85E6D7D4D}"
EndProject
Project("{2150E333-8FDC-42A3-9474-1A3956D46DE8}") = "Assemblies", "Assemblies", "{6C83A596-D32D-B35F-00DD-F0C99B673980}"
	ProjectSection(SolutionItems) = preProject
		Assemblies\SQLiteEngine.dll = Assemblies\SQLiteEngine.dll
		Assemblies\WPF_Core.dll = Assemblies\WPF_Core.dll
	EndProjectSection
EndProject
Global
	GlobalSection(SolutionConfigurationPlatforms) = preSolution
		Debug|Any CPU = Debug|Any CPU
		Release|Any CPU = Release|Any CPU
	EndGlobalSection
	GlobalSection(ProjectConfigurationPlatforms) = postSolution
		{1D7BB831-80FD-49F4-ABD1-13B107D9F9B1}.Debug|Any CPU.ActiveCfg = Debug|Any CPU
		{1D7BB831-80FD-49F4-ABD1-13B107D9F9B1}.Debug|Any CPU.Build.0 = Debug|Any CPU
		{1D7BB831-80FD-49F4-ABD1-13B107D9F9B1}.Release|Any CPU.ActiveCfg = Release|Any CPU
		{1D7BB831-80FD-49F4-ABD1-13B107D9F9B1}.Release|Any CPU.Build.0 = Release|Any CPU
		{801B867B-AD2D-48F0-AB09-F292567878B4}.Debug|Any CPU.ActiveCfg = Debug|Any CPU
		{801B867B-AD2D-48F0-AB09-F292567878B4}.Debug|Any CPU.Build.0 = Debug|Any CPU
		{801B867B-AD2D-48F0-AB09-F292567878B4}.Release|Any CPU.ActiveCfg = Release|Any CPU
		{801B867B-AD2D-48F0-AB09-F292567878B4}.Release|Any CPU.Build.0 = Release|Any CPU
		{19CC989B-8998-4742-916A-99A85E6D7D4D}.Debug|Any CPU.ActiveCfg = Debug|Any CPU
		{19CC989B-8998-4742-916A-99A85E6D7D4D}.Debug|Any CPU.Build.0 = Debug|Any CPU
		{19CC989B-8998-4742-916A-99A85E6D7D4D}.Release|Any CPU.ActiveCfg = Release|Any CPU
		{19CC989B-8998-4742-916A-99A85E6D7D4D}.Release|Any CPU.Build.0 = Release|Any CPU
	EndGlobalSection
	GlobalSection(SolutionProperties) = preSolution
		HideSolutionNode = FALSE
	EndGlobalSection
	GlobalSection(ExtensibilityGlobals) = postSolution
		SolutionGuid = {23FFC03E-26EA-4080-8C9C-A87F38264FA1}
	EndGlobalSection
EndGlobal
